
Microsoft Visual Studio Solution File, Format Version 12.00
# Visual Studio Version 16
VisualStudioVersion = 16.0.30114.105
MinimumVisualStudioVersion = 10.0.40219.1
Project("{FAE04EC0-301F-11D3-BF4B-00C04F79EFBC}") = "poc-function-api", "poc-function-api.csproj", "{B8DD2CA6-46F2-4D92-81CA-B2C837F6CE61}"
EndProject
Global
	GlobalSection(SolutionConfigurationPlatforms) = preSolution
		Debug|Any CPU = Debug|Any CPU
		Release|Any CPU = Release|Any CPU
	EndGlobalSection
	GlobalSection(ProjectConfigurationPlatforms) = postSolution
		{B8DD2CA6-46F2-4D92-81CA-B2C837F6CE61}.Debug|Any CPU.ActiveCfg = Debug|Any CPU
		{B8DD2CA6-46F2-4D92-81CA-B2C837F6CE61}.Debug|Any CPU.Build.0 = Debug|Any CPU
		{B8DD2CA6-46F2-4D92-81CA-B2C837F6CE61}.Release|Any CPU.ActiveCfg = Release|Any CPU
		{B8DD2CA6-46F2-4D92-81CA-B2C837F6CE61}.Release|Any CPU.Build.0 = Release|Any CPU
	EndGlobalSection
	GlobalSection(SolutionProperties) = preSolution
		HideSolutionNode = FALSE
	EndGlobalSection
	GlobalSection(ExtensibilityGlobals) = postSolution
		SolutionGuid = {0153B990-A3D2-49A4-AD1E-EB523FE176D5}
	EndGlobalSection
EndGlobal
